// !$*UTF8*$!
{
	archiveVersion = 1;
	classes = {
	};
	objectVersion = 56;
	objects = {

/* Begin PBXBuildFile section */
		EEA80F8629A53FFB0037A5E3 /* AppDelegate.swift in Sources */ = {isa = PBXBuildFile; fileRef = EEA80F8529A53FFB0037A5E3 /* AppDelegate.swift */; };
		EEA80F8829A53FFB0037A5E3 /* SceneDelegate.swift in Sources */ = {isa = PBXBuildFile; fileRef = EEA80F8729A53FFB0037A5E3 /* SceneDelegate.swift */; };
		EEA80F8A29A53FFB0037A5E3 /* BTCViewController.swift in Sources */ = {isa = PBXBuildFile; fileRef = EEA80F8929A53FFB0037A5E3 /* BTCViewController.swift */; };
		EEA80F8D29A53FFB0037A5E3 /* Main.storyboard in Resources */ = {isa = PBXBuildFile; fileRef = EEA80F8B29A53FFB0037A5E3 /* Main.storyboard */; };
		EEA80F8F29A53FFC0037A5E3 /* Assets.xcassets in Resources */ = {isa = PBXBuildFile; fileRef = EEA80F8E29A53FFC0037A5E3 /* Assets.xcassets */; };
		EEA80F9229A53FFC0037A5E3 /* LaunchScreen.storyboard in Resources */ = {isa = PBXBuildFile; fileRef = EEA80F9029A53FFC0037A5E3 /* LaunchScreen.storyboard */; };
		EEA80F9A29A5447A0037A5E3 /* BTCViewModel.swift in Sources */ = {isa = PBXBuildFile; fileRef = EEA80F9929A5447A0037A5E3 /* BTCViewModel.swift */; };
		EEA80F9D29A565E90037A5E3 /* NetworkService.swift in Sources */ = {isa = PBXBuildFile; fileRef = EEA80F9C29A565E90037A5E3 /* NetworkService.swift */; };
		EEA80F9F29A5896F0037A5E3 /* ObservableObject.swift in Sources */ = {isa = PBXBuildFile; fileRef = EEA80F9E29A5896F0037A5E3 /* ObservableObject.swift */; };
/* End PBXBuildFile section */

/* Begin PBXFileReference section */
		EEA80F8229A53FFB0037A5E3 /* BitcoinPriceChecker.app */ = {isa = PBXFileReference; explicitFileType = wrapper.application; includeInIndex = 0; path = BitcoinPriceChecker.app; sourceTree = BUILT_PRODUCTS_DIR; };
		EEA80F8529A53FFB0037A5E3 /* AppDelegate.swift */ = {isa = PBXFileReference; lastKnownFileType = sourcecode.swift; path = AppDelegate.swift; sourceTree = "<group>"; };
		EEA80F8729A53FFB0037A5E3 /* SceneDelegate.swift */ = {isa = PBXFileReference; lastKnownFileType = sourcecode.swift; path = SceneDelegate.swift; sourceTree = "<group>"; };
		EEA80F8929A53FFB0037A5E3 /* BTCViewController.swift */ = {isa = PBXFileReference; lastKnownFileType = sourcecode.swift; path = BTCViewController.swift; sourceTree = "<group>"; };
		EEA80F8C29A53FFB0037A5E3 /* Base */ = {isa = PBXFileReference; lastKnownFileType = file.storyboard; name = Base; path = Base.lproj/Main.storyboard; sourceTree = "<group>"; };
		EEA80F8E29A53FFC0037A5E3 /* Assets.xcassets */ = {isa = PBXFileReference; lastKnownFileType = folder.assetcatalog; path = Assets.xcassets; sourceTree = "<group>"; };
		EEA80F9129A53FFC0037A5E3 /* Base */ = {isa = PBXFileReference; lastKnownFileType = file.storyboard; name = Base; path = Base.lproj/LaunchScreen.storyboard; sourceTree = "<group>"; };
		EEA80F9329A53FFC0037A5E3 /* Info.plist */ = {isa = PBXFileReference; lastKnownFileType = text.plist.xml; path = Info.plist; sourceTree = "<group>"; };
		EEA80F9929A5447A0037A5E3 /* BTCViewModel.swift */ = {isa = PBXFileReference; lastKnownFileType = sourcecode.swift; path = BTCViewModel.swift; sourceTree = "<group>"; };
		EEA80F9C29A565E90037A5E3 /* NetworkService.swift */ = {isa = PBXFileReference; lastKnownFileType = sourcecode.swift; path = NetworkService.swift; sourceTree = "<group>"; };
		EEA80F9E29A5896F0037A5E3 /* ObservableObject.swift */ = {isa = PBXFileReference; lastKnownFileType = sourcecode.swift; path = ObservableObject.swift; sourceTree = "<group>"; };
/* End PBXFileReference section */

/* Begin PBXFrameworksBuildPhase section */
		EEA80F7F29A53FFB0037A5E3 /* Frameworks */ = {
			isa = PBXFrameworksBuildPhase;
			buildActionMask = 2147483647;
			files = (
			);
			runOnlyForDeploymentPostprocessing = 0;
		};
/* End PBXFrameworksBuildPhase section */

/* Begin PBXGroup section */
		EEA80F7929A53FFB0037A5E3 = {
			isa = PBXGroup;
			children = (
				EEA80F8429A53FFB0037A5E3 /* BitcoinPriceChecker */,
				EEA80F8329A53FFB0037A5E3 /* Products */,
			);
			sourceTree = "<group>";
		};
		EEA80F8329A53FFB0037A5E3 /* Products */ = {
			isa = PBXGroup;
			children = (
				EEA80F8229A53FFB0037A5E3 /* BitcoinPriceChecker.app */,
			);
			name = Products;
			sourceTree = "<group>";
		};
		EEA80F8429A53FFB0037A5E3 /* BitcoinPriceChecker */ = {
			isa = PBXGroup;
			children = (
				EEA80F8529A53FFB0037A5E3 /* AppDelegate.swift */,
				EEA80F8729A53FFB0037A5E3 /* SceneDelegate.swift */,
				EEA80F9B29A565910037A5E3 /* BBTCView */,
				EEA80F8B29A53FFB0037A5E3 /* Main.storyboard */,
				EEA80F8E29A53FFC0037A5E3 /* Assets.xcassets */,
				EEA80F9029A53FFC0037A5E3 /* LaunchScreen.storyboard */,
				EEA80F9329A53FFC0037A5E3 /* Info.plist */,
				EEA80F9C29A565E90037A5E3 /* NetworkService.swift */,
				EEA80F9E29A5896F0037A5E3 /* ObservableObject.swift */,
			);
			path = BitcoinPriceChecker;
			sourceTree = "<group>";
		};
		EEA80F9B29A565910037A5E3 /* BBTCView */ = {
			isa = PBXGroup;
			children = (
				EEA80F8929A53FFB0037A5E3 /* BTCViewController.swift */,
				EEA80F9929A5447A0037A5E3 /* BTCViewModel.swift */,
			);
			path = BBTCView;
			sourceTree = "<group>";
		};
/* End PBXGroup section */

/* Begin PBXNativeTarget section */
		EEA80F8129A53FFB0037A5E3 /* BitcoinPriceChecker */ = {
			isa = PBXNativeTarget;
			buildConfigurationList = EEA80F9629A53FFC0037A5E3 /* Build configuration list for PBXNativeTarget "BitcoinPriceChecker" */;
			buildPhases = (
				EEA80F7E29A53FFB0037A5E3 /* Sources */,
				EEA80F7F29A53FFB0037A5E3 /* Frameworks */,
				EEA80F8029A53FFB0037A5E3 /* Resources */,
			);
			buildRules = (
			);
			dependencies = (
			);
			name = BitcoinPriceChecker;
			productName = BitcoinPriceChecker;
			productReference = EEA80F8229A53FFB0037A5E3 /* BitcoinPriceChecker.app */;
			productType = "com.apple.product-type.application";
		};
/* End PBXNativeTarget section */

/* Begin PBXProject section */
		EEA80F7A29A53FFB0037A5E3 /* Project object */ = {
			isa = PBXProject;
			attributes = {
				BuildIndependentTargetsInParallel = 1;
				LastSwiftUpdateCheck = 1420;
				LastUpgradeCheck = 1420;
				TargetAttributes = {
					EEA80F8129A53FFB0037A5E3 = {
						CreatedOnToolsVersion = 14.2;
					};
				};
			};
			buildConfigurationList = EEA80F7D29A53FFB0037A5E3 /* Build configuration list for PBXProject "BitcoinPriceChecker" */;
			compatibilityVersion = "Xcode 14.0";
			developmentRegion = en;
			hasScannedForEncodings = 0;
			knownRegions = (
				en,
				Base,
			);
			mainGroup = EEA80F7929A53FFB0037A5E3;
			productRefGroup = EEA80F8329A53FFB0037A5E3 /* Products */;
			projectDirPath = "";
			projectRoot = "";
			targets = (
				EEA80F8129A53FFB0037A5E3 /* BitcoinPriceChecker */,
			);
		};
/* End PBXProject section */

/* Begin PBXResourcesBuildPhase section */
		EEA80F8029A53FFB0037A5E3 /* Resources */ = {
			isa = PBXResourcesBuildPhase;
			buildActionMask = 2147483647;
			files = (
				EEA80F9229A53FFC0037A5E3 /* LaunchScreen.storyboard in Resources */,
				EEA80F8F29A53FFC0037A5E3 /* Assets.xcassets in Resources */,
				EEA80F8D29A53FFB0037A5E3 /* Main.storyboard in Resources */,
			);
			runOnlyForDeploymentPostprocessing = 0;
		};
/* End PBXResourcesBuildPhase section */

/* Begin PBXSourcesBuildPhase section */
		EEA80F7E29A53FFB0037A5E3 /* Sources */ = {
			isa = PBXSourcesBuildPhase;
			buildActionMask = 2147483647;
			files = (
				EEA80F9D29A565E90037A5E3 /* NetworkService.swift in Sources */,
				EEA80F8A29A53FFB0037A5E3 /* BTCViewController.swift in Sources */,
				EEA80F8629A53FFB0037A5E3 /* AppDelegate.swift in Sources */,
				EEA80F9A29A5447A0037A5E3 /* BTCViewModel.swift in Sources */,
				EEA80F8829A53FFB0037A5E3 /* SceneDelegate.swift in Sources */,
				EEA80F9F29A5896F0037A5E3 /* ObservableObject.swift in Sources */,
			);
			runOnlyForDeploymentPostprocessing = 0;
		};
/* End PBXSourcesBuildPhase section */

/* Begin PBXVariantGroup section */
		EEA80F8B29A53FFB0037A5E3 /* Main.storyboard */ = {
			isa = PBXVariantGroup;
			children = (
				EEA80F8C29A53FFB0037A5E3 /* Base */,
			);
			name = Main.storyboard;
			sourceTree = "<group>";
		};
		EEA80F9029A53FFC0037A5E3 /* LaunchScreen.storyboard */ = {
			isa = PBXVariantGroup;
			children = (
				EEA80F9129A53FFC0037A5E3 /* Base */,
			);
			name = LaunchScreen.storyboard;
			sourceTree = "<group>";
		};
/* End PBXVariantGroup section */

/* Begin XCBuildConfiguration section */
		EEA80F9429A53FFC0037A5E3 /* Debug */ = {
			isa = XCBuildConfiguration;
			buildSettings = {
				ALWAYS_SEARCH_USER_PATHS = NO;
				CLANG_ANALYZER_NONNULL = YES;
				CLANG_ANALYZER_NUMBER_OBJECT_CONVERSION = YES_AGGRESSIVE;
				CLANG_CXX_LANGUAGE_STANDARD = "gnu++20";
				CLANG_ENABLE_MODULES = YES;
				CLANG_ENABLE_OBJC_ARC = YES;
				CLANG_ENABLE_OBJC_WEAK = YES;
				CLANG_WARN_BLOCK_CAPTURE_AUTORELEASING = YES;
				CLANG_WARN_BOOL_CONVERSION = YES;
				CLANG_WARN_COMMA = YES;
				CLANG_WARN_CONSTANT_CONVERSION = YES;
				CLANG_WARN_DEPRECATED_OBJC_IMPLEMENTATIONS = YES;
				CLANG_WARN_DIRECT_OBJC_ISA_USAGE = YES_ERROR;
				CLANG_WARN_DOCUMENTATION_COMMENTS = YES;
				CLANG_WARN_EMPTY_BODY = YES;
				CLANG_WARN_ENUM_CONVERSION = YES;
				CLANG_WARN_INFINITE_RECURSION = YES;
				CLANG_WARN_INT_CONVERSION = YES;
				CLANG_WARN_NON_LITERAL_NULL_CONVERSION = YES;
				CLANG_WARN_OBJC_IMPLICIT_RETAIN_SELF = YES;
				CLANG_WARN_OBJC_LITERAL_CONVERSION = YES;
				CLANG_WARN_OBJC_ROOT_CLASS = YES_ERROR;
				CLANG_WARN_QUOTED_INCLUDE_IN_FRAMEWORK_HEADER = YES;
				CLANG_WARN_RANGE_LOOP_ANALYSIS = YES;
				CLANG_WARN_STRICT_PROTOTYPES = YES;
				CLANG_WARN_SUSPICIOUS_MOVE = YES;
				CLANG_WARN_UNGUARDED_AVAILABILITY = YES_AGGRESSIVE;
				CLANG_WARN_UNREACHABLE_CODE = YES;
				CLANG_WARN__DUPLICATE_METHOD_MATCH = YES;
				COPY_PHASE_STRIP = NO;
				DEBUG_INFORMATION_FORMAT = dwarf;
				ENABLE_STRICT_OBJC_MSGSEND = YES;
				ENABLE_TESTABILITY = YES;
				GCC_C_LANGUAGE_STANDARD = gnu11;
				GCC_DYNAMIC_NO_PIC = NO;
				GCC_NO_COMMON_BLOCKS = YES;
				GCC_OPTIMIZATION_LEVEL = 0;
				GCC_PREPROCESSOR_DEFINITIONS = (
					"DEBUG=1",
					"$(inherited)",
				);
				GCC_WARN_64_TO_32_BIT_CONVERSION = YES;
				GCC_WARN_ABOUT_RETURN_TYPE = YES_ERROR;
				GCC_WARN_UNDECLARED_SELECTOR = YES;
				GCC_WARN_UNINITIALIZED_AUTOS = YES_AGGRESSIVE;
				GCC_WARN_UNUSED_FUNCTION = YES;
				GCC_WARN_UNUSED_VARIABLE = YES;
				IPHONEOS_DEPLOYMENT_TARGET = 16.2;
				MTL_ENABLE_DEBUG_INFO = INCLUDE_SOURCE;
				MTL_FAST_MATH = YES;
				ONLY_ACTIVE_ARCH = YES;
				SDKROOT = iphoneos;
				SWIFT_ACTIVE_COMPILATION_CONDITIONS = DEBUG;
				SWIFT_OPTIMIZATION_LEVEL = "-Onone";
			};
			name = Debug;
		};
		EEA80F9529A53FFC0037A5E3 /* Release */ = {
			isa = XCBuildConfiguration;
			buildSettings = {
				ALWAYS_SEARCH_USER_PATHS = NO;
				CLANG_ANALYZER_NONNULL = YES;
				CLANG_ANALYZER_NUMBER_OBJECT_CONVERSION = YES_AGGRESSIVE;
				CLANG_CXX_LANGUAGE_STANDARD = "gnu++20";
				CLANG_ENABLE_MODULES = YES;
				CLANG_ENABLE_OBJC_ARC = YES;
				CLANG_ENABLE_OBJC_WEAK = YES;
				CLANG_WARN_BLOCK_CAPTURE_AUTORELEASING = YES;
				CLANG_WARN_BOOL_CONVERSION = YES;
				CLANG_WARN_COMMA = YES;
				CLANG_WARN_CONSTANT_CONVERSION = YES;
				CLANG_WARN_DEPRECATED_OBJC_IMPLEMENTATIONS = YES;
				CLANG_WARN_DIRECT_OBJC_ISA_USAGE = YES_ERROR;
				CLANG_WARN_DOCUMENTATION_COMMENTS = YES;
				CLANG_WARN_EMPTY_BODY = YES;
				CLANG_WARN_ENUM_CONVERSION = YES;
				CLANG_WARN_INFINITE_RECURSION = YES;
				CLANG_WARN_INT_CONVERSION = YES;
				CLANG_WARN_NON_LITERAL_NULL_CONVERSION = YES;
				CLANG_WARN_OBJC_IMPLICIT_RETAIN_SELF = YES;
				CLANG_WARN_OBJC_LITERAL_CONVERSION = YES;
				CLANG_WARN_OBJC_ROOT_CLASS = YES_ERROR;
				CLANG_WARN_QUOTED_INCLUDE_IN_FRAMEWORK_HEADER = YES;
				CLANG_WARN_RANGE_LOOP_ANALYSIS = YES;
				CLANG_WARN_STRICT_PROTOTYPES = YES;
				CLANG_WARN_SUSPICIOUS_MOVE = YES;
				CLANG_WARN_UNGUARDED_AVAILABILITY = YES_AGGRESSIVE;
				CLANG_WARN_UNREACHABLE_CODE = YES;
				CLANG_WARN__DUPLICATE_METHOD_MATCH = YES;
				COPY_PHASE_STRIP = NO;
				DEBUG_INFORMATION_FORMAT = "dwarf-with-dsym";
				ENABLE_NS_ASSERTIONS = NO;
				ENABLE_STRICT_OBJC_MSGSEND = YES;
				GCC_C_LANGUAGE_STANDARD = gnu11;
				GCC_NO_COMMON_BLOCKS = YES;
				GCC_WARN_64_TO_32_BIT_CONVERSION = YES;
				GCC_WARN_ABOUT_RETURN_TYPE = YES_ERROR;
				GCC_WARN_UNDECLARED_SELECTOR = YES;
				GCC_WARN_UNINITIALIZED_AUTOS = YES_AGGRESSIVE;
				GCC_WARN_UNUSED_FUNCTION = YES;
				GCC_WARN_UNUSED_VARIABLE = YES;
				IPHONEOS_DEPLOYMENT_TARGET = 16.2;
				MTL_ENABLE_DEBUG_INFO = NO;
				MTL_FAST_MATH = YES;
				SDKROOT = iphoneos;
				SWIFT_COMPILATION_MODE = wholemodule;
				SWIFT_OPTIMIZATION_LEVEL = "-O";
				VALIDATE_PRODUCT = YES;
			};
			name = Release;
		};
		EEA80F9729A53FFC0037A5E3 /* Debug */ = {
			isa = XCBuildConfiguration;
			buildSettings = {
				ASSETCATALOG_COMPILER_APPICON_NAME = AppIcon;
				ASSETCATALOG_COMPILER_GLOBAL_ACCENT_COLOR_NAME = AccentColor;
				CODE_SIGN_STYLE = Automatic;
				CURRENT_PROJECT_VERSION = 1;
				DEVELOPMENT_TEAM = 93HRNBA952;
				GENERATE_INFOPLIST_FILE = YES;
				INFOPLIST_FILE = BitcoinPriceChecker/Info.plist;
				INFOPLIST_KEY_UIApplicationSupportsIndirectInputEvents = YES;
				INFOPLIST_KEY_UILaunchStoryboardName = LaunchScreen;
				INFOPLIST_KEY_UIMainStoryboardFile = Main;
				INFOPLIST_KEY_UISupportedInterfaceOrientations_iPad = "UIInterfaceOrientationPortrait UIInterfaceOrientationPortraitUpsideDown UIInterfaceOrientationLandscapeLeft UIInterfaceOrientationLandscapeRight";
				INFOPLIST_KEY_UISupportedInterfaceOrientations_iPhone = "UIInterfaceOrientationPortrait UIInterfaceOrientationLandscapeLeft UIInterfaceOrientationLandscapeRight";
				LD_RUNPATH_SEARCH_PATHS = (
					"$(inherited)",
					"@executable_path/Frameworks",
				);
				MARKETING_VERSION = 1.0;
				PRODUCT_BUNDLE_IDENTIFIER = com.kwakudapaah.BitcoinPriceChecker;
				PRODUCT_NAME = "$(TARGET_NAME)";
				SWIFT_EMIT_LOC_STRINGS = YES;
				SWIFT_VERSION = 5.0;
				TARGETED_DEVICE_FAMILY = "1,2";
			};
			name = Debug;
		};
		EEA80F9829A53FFC0037A5E3 /* Release */ = {
			isa = XCBuildConfiguration;
			buildSettings = {
				ASSETCATALOG_COMPILER_APPICON_NAME = AppIcon;
				ASSETCATALOG_COMPILER_GLOBAL_ACCENT_COLOR_NAME = AccentColor;
				CODE_SIGN_STYLE = Automatic;
				CURRENT_PROJECT_VERSION = 1;
				DEVELOPMENT_TEAM = 93HRNBA952;
				GENERATE_INFOPLIST_FILE = YES;
				INFOPLIST_FILE = BitcoinPriceChecker/Info.plist;
				INFOPLIST_KEY_UIApplicationSupportsIndirectInputEvents = YES;
				INFOPLIST_KEY_UILaunchStoryboardName = LaunchScreen;
				INFOPLIST_KEY_UIMainStoryboardFile = Main;
				INFOPLIST_KEY_UISupportedInterfaceOrientations_iPad = "UIInterfaceOrientationPortrait UIInterfaceOrientationPortraitUpsideDown UIInterfaceOrientationLandscapeLeft UIInterfaceOrientationLandscapeRight";
				INFOPLIST_KEY_UISupportedInterfaceOrientations_iPhone = "UIInterfaceOrientationPortrait UIInterfaceOrientationLandscapeLeft UIInterfaceOrientationLandscapeRight";
				LD_RUNPATH_SEARCH_PATHS = (
					"$(inherited)",
					"@executable_path/Frameworks",
				);
				MARKETING_VERSION = 1.0;
				PRODUCT_BUNDLE_IDENTIFIER = com.kwakudapaah.BitcoinPriceChecker;
				PRODUCT_NAME = "$(TARGET_NAME)";
				SWIFT_EMIT_LOC_STRINGS = YES;
				SWIFT_VERSION = 5.0;
				TARGETED_DEVICE_FAMILY = "1,2";
			};
			name = Release;
		};
/* End XCBuildConfiguration section */

/* Begin XCConfigurationList section */
		EEA80F7D29A53FFB0037A5E3 /* Build configuration list for PBXProject "BitcoinPriceChecker" */ = {
			isa = XCConfigurationList;
			buildConfigurations = (
				EEA80F9429A53FFC0037A5E3 /* Debug */,
				EEA80F9529A53FFC0037A5E3 /* Release */,
			);
			defaultConfigurationIsVisible = 0;
			defaultConfigurationName = Release;
		};
		EEA80F9629A53FFC0037A5E3 /* Build configuration list for PBXNativeTarget "BitcoinPriceChecker" */ = {
			isa = XCConfigurationList;
			buildConfigurations = (
				EEA80F9729A53FFC0037A5E3 /* Debug */,
				EEA80F9829A53FFC0037A5E3 /* Release */,
			);
			defaultConfigurationIsVisible = 0;
			defaultConfigurationName = Release;
		};
/* End XCConfigurationList section */
	};
	rootObject = EEA80F7A29A53FFB0037A5E3 /* Project object */;
}
